
Microsoft Visual Studio Solution File, Format Version 12.00
# Visual Studio Version 16
VisualStudioVersion = 16.0.32407.337
MinimumVisualStudioVersion = 10.0.40219.1
Project("{FAE04EC0-301F-11D3-BF4B-00C04F79EFBC}") = "PepegaCoin", "PepegaCoin\PepegaCoin.csproj", "{049D93A6-8130-403C-AA8D-DE484BCF2480}"
EndProject
Global
	GlobalSection(SolutionConfigurationPlatforms) = preSolution
		Debug|Any CPU = Debug|Any CPU
		Release|Any CPU = Release|Any CPU
	EndGlobalSection
	GlobalSection(ProjectConfigurationPlatforms) = postSolution
		{049D93A6-8130-403C-AA8D-DE484BCF2480}.Debug|Any CPU.ActiveCfg = Debug|Any CPU
		{049D93A6-8130-403C-AA8D-DE484BCF2480}.Debug|Any CPU.Build.0 = Debug|Any CPU
		{049D93A6-8130-403C-AA8D-DE484BCF2480}.Release|Any CPU.ActiveCfg = Release|Any CPU
		{049D93A6-8130-403C-AA8D-DE484BCF2480}.Release|Any CPU.Build.0 = Release|Any CPU
	EndGlobalSection
	GlobalSection(SolutionProperties) = preSolution
		HideSolutionNode = FALSE
	EndGlobalSection
	GlobalSection(ExtensibilityGlobals) = postSolution
		SolutionGuid = {A49D79BC-3455-4B9A-9EF7-416A0E0CC1F7}
	EndGlobalSection
EndGlobal
